
Microsoft Visual Studio Solution File, Format Version 12.00
# Visual Studio Version 16
VisualStudioVersion = 16.0.29806.167
MinimumVisualStudioVersion = 10.0.40219.1
Project("{FAE04EC0-301F-11D3-BF4B-00C04F79EFBC}") = "HacknPlanInterface", "HacknPlanInterface.csproj", "{C3B494B7-8ED2-43B7-9635-F0E759F86B41}"
EndProject
Global
	GlobalSection(SolutionConfigurationPlatforms) = preSolution
		Debug|Any CPU = Debug|Any CPU
		Release|Any CPU = Release|Any CPU
	EndGlobalSection
	GlobalSection(ProjectConfigurationPlatforms) = postSolution
		{C3B494B7-8ED2-43B7-9635-F0E759F86B41}.Debug|Any CPU.ActiveCfg = Debug|Any CPU
		{C3B494B7-8ED2-43B7-9635-F0E759F86B41}.Debug|Any CPU.Build.0 = Debug|Any CPU
		{C3B494B7-8ED2-43B7-9635-F0E759F86B41}.Release|Any CPU.ActiveCfg = Release|Any CPU
		{C3B494B7-8ED2-43B7-9635-F0E759F86B41}.Release|Any CPU.Build.0 = Release|Any CPU
	EndGlobalSection
	GlobalSection(SolutionProperties) = preSolution
		HideSolutionNode = FALSE
	EndGlobalSection
	GlobalSection(ExtensibilityGlobals) = postSolution
		SolutionGuid = {20277D4C-8B3E-492F-A37B-31718351B8B2}
	EndGlobalSection
EndGlobal
